// !$*UTF8*$!
{
	archiveVersion = 1;
	classes = {
	};
	objectVersion = 54;
	objects = {

/* Begin PBXBuildFile section */
		00E356F31AD99517003FC87E /* MobiliariaTests.m in Sources */ = {isa = PBXBuildFile; fileRef = 00E356F21AD99517003FC87E /* MobiliariaTests.m */; };
		0C80B921A6F3F58F76C31292 /* libPods-Mobiliaria.a in Frameworks */ = {isa = PBXBuildFile; fileRef = 5DCACB8F33CDC322A6C60F78 /* libPods-Mobiliaria.a */; };
		13B07FBC1A68108700A75B9A /* AppDelegate.mm in Sources */ = {isa = PBXBuildFile; fileRef = 13B07FB01A68108700A75B9A /* AppDelegate.mm */; };
		13B07FBF1A68108700A75B9A /* Images.xcassets in Resources */ = {isa = PBXBuildFile; fileRef = 13B07FB51A68108700A75B9A /* Images.xcassets */; };
		13B07FC11A68108700A75B9A /* main.m in Sources */ = {isa = PBXBuildFile; fileRef = 13B07FB71A68108700A75B9A /* main.m */; };
		14C4C790306545FEBEA53DFE /* SourceSansPro-ExtraLightItalic.ttf in Resources */ = {isa = PBXBuildFile; fileRef = 71573E87DB91457A9A23C87A /* SourceSansPro-ExtraLightItalic.ttf */; };
		1A889B47BF424FA29841AFD7 /* Inter-Thin.ttf in Resources */ = {isa = PBXBuildFile; fileRef = 8C989FD6DB1848B081715F1E /* Inter-Thin.ttf */; };
		1C06BD16195545AE9FBC075B /* Roboto-Black.ttf in Resources */ = {isa = PBXBuildFile; fileRef = E310597AB54D4B46B71B307D /* Roboto-Black.ttf */; };
		1C805D1ADD9C427195EFAC7E /* Inter-Regular.ttf in Resources */ = {isa = PBXBuildFile; fileRef = 8B33974A23B3404FAAB8B67B /* Inter-Regular.ttf */; };
		1CF99E2248844ACBADBE23F8 /* SourceSansPro-Light.ttf in Resources */ = {isa = PBXBuildFile; fileRef = 5C42074B08984CF481B5A623 /* SourceSansPro-Light.ttf */; };
		25D17692ABA54A85A5CB8923 /* Inter-Light.ttf in Resources */ = {isa = PBXBuildFile; fileRef = B72F5E4B723A4E14AD2DBFA0 /* Inter-Light.ttf */; };
		58277B0363F14B529E36BB00 /* Roboto-BlackItalic.ttf in Resources */ = {isa = PBXBuildFile; fileRef = F878C9E3C4344038A8B60773 /* Roboto-BlackItalic.ttf */; };
		583E88A8CCC045C6BFEC5A90 /* Roboto-Thin.ttf in Resources */ = {isa = PBXBuildFile; fileRef = 08B0945050624379B63D4420 /* Roboto-Thin.ttf */; };
		5862FCE6240E45159EC4FD1D /* SourceSansPro-Regular.ttf in Resources */ = {isa = PBXBuildFile; fileRef = F0EACFEB99984F0098F9D97B /* SourceSansPro-Regular.ttf */; };
		5C8464917A4C4362A2A5A528 /* Roboto-Regular.ttf in Resources */ = {isa = PBXBuildFile; fileRef = 83E6DE4A109242E4B9BEB0DB /* Roboto-Regular.ttf */; };
		5CA12AACE76E44CAA3D7B18C /* Roboto-MediumItalic.ttf in Resources */ = {isa = PBXBuildFile; fileRef = 35EB162B71014E8D89816EB6 /* Roboto-MediumItalic.ttf */; };
		61E107F18D554DA6A11186EA /* SourceSansPro-Italic.ttf in Resources */ = {isa = PBXBuildFile; fileRef = 7B9DD2D33FAB4C8283A404EF /* SourceSansPro-Italic.ttf */; };
		61E971F208174B9F86FBDDA7 /* SourceSansPro-BlackItalic.ttf in Resources */ = {isa = PBXBuildFile; fileRef = D6052103DC6746A099D0052E /* SourceSansPro-BlackItalic.ttf */; };
		62FD4DE8D003471BB4C8C449 /* SourceSansPro-LightItalic.ttf in Resources */ = {isa = PBXBuildFile; fileRef = 4D12C0BA3A2443DABEC73208 /* SourceSansPro-LightItalic.ttf */; };
		641BAFF2D0B245E7BEF6721A /* Roboto-Bold.ttf in Resources */ = {isa = PBXBuildFile; fileRef = 45625AC3E26F4EF5A369E6F2 /* Roboto-Bold.ttf */; };
		67B702F8C0D242E4BB8AF719 /* Roboto-Light.ttf in Resources */ = {isa = PBXBuildFile; fileRef = BE3B66358F7C4C1C9CADE069 /* Roboto-Light.ttf */; };
		693A1E2DF092444896C73039 /* Roboto-Medium.ttf in Resources */ = {isa = PBXBuildFile; fileRef = 92A35EF8F41A490FA3CEA708 /* Roboto-Medium.ttf */; };
		7699B88040F8A987B510C191 /* libPods-Mobiliaria-MobiliariaTests.a in Frameworks */ = {isa = PBXBuildFile; fileRef = 19F6CBCC0A4E27FBF8BF4A61 /* libPods-Mobiliaria-MobiliariaTests.a */; };
		78BDB6189E09440A805D0BEC /* SourceSansPro-SemiBold.ttf in Resources */ = {isa = PBXBuildFile; fileRef = 8C0D5495E89A4550ADC6B010 /* SourceSansPro-SemiBold.ttf */; };
		81AB9BB82411601600AC10FF /* LaunchScreen.storyboard in Resources */ = {isa = PBXBuildFile; fileRef = 81AB9BB72411601600AC10FF /* LaunchScreen.storyboard */; };
		848BDBD02B86E0F300E0759D /* Media.xcassets in Resources */ = {isa = PBXBuildFile; fileRef = 848BDBCF2B86E0F300E0759D /* Media.xcassets */; };
		93DF9187877F4B0E9B176141 /* SourceSansPro-SemiBoldItalic.ttf in Resources */ = {isa = PBXBuildFile; fileRef = 7653DD7516A54AFB89A2AB21 /* SourceSansPro-SemiBoldItalic.ttf */; };
		9710B6DA89DE4473AB4CEF72 /* Prata-Regular.ttf in Resources */ = {isa = PBXBuildFile; fileRef = 6AA83E0FE1224C48A35C8BFF /* Prata-Regular.ttf */; };
		A6FBFF7F87504B33A5FDB21A /* SourceSansPro-Bold.ttf in Resources */ = {isa = PBXBuildFile; fileRef = 3D78C010F82749DF8460DCCD /* SourceSansPro-Bold.ttf */; };
		B0DC6F1B324C42A68073B72F /* SourceSansPro-ExtraLight.ttf in Resources */ = {isa = PBXBuildFile; fileRef = 3E983D9CD3884C76BCAB527A /* SourceSansPro-ExtraLight.ttf */; };
		B47DB254481847709CF4C797 /* Inter-SemiBold.ttf in Resources */ = {isa = PBXBuildFile; fileRef = 55740931FCA1472F85729744 /* Inter-SemiBold.ttf */; };
		CA7967A712964543867B564B /* Roboto-Italic.ttf in Resources */ = {isa = PBXBuildFile; fileRef = 47170DCA77E147248958BFE8 /* Roboto-Italic.ttf */; };
		D73A65C2435C44D48E74DD0B /* Roboto-BoldItalic.ttf in Resources */ = {isa = PBXBuildFile; fileRef = E4CE86F24E5340DEB8E84531 /* Roboto-BoldItalic.ttf */; };
		D7760CE8FA844F2C9F472CA2 /* Inter-ExtraLight.ttf in Resources */ = {isa = PBXBuildFile; fileRef = DC8D6B73C2424BCC93B4B128 /* Inter-ExtraLight.ttf */; };
		DE10EFDA6F70410B992DA6C1 /* Roboto-ThinItalic.ttf in Resources */ = {isa = PBXBuildFile; fileRef = 4DB989988AB640CD909AF4D6 /* Roboto-ThinItalic.ttf */; };
		E82DBD3826594B03BE6C96EA /* Inter-Bold.ttf in Resources */ = {isa = PBXBuildFile; fileRef = D62D2DE4EC6343F691867F67 /* Inter-Bold.ttf */; };
		EACC11FA2F1C47308E90C639 /* SourceSansPro-Black.ttf in Resources */ = {isa = PBXBuildFile; fileRef = F4886D9946B042F58B32C354 /* SourceSansPro-Black.ttf */; };
		EB333B90DE57477088ECED44 /* Inter-ExtraBold.ttf in Resources */ = {isa = PBXBuildFile; fileRef = 222E9AE16A7647FA946C810F /* Inter-ExtraBold.ttf */; };
		EED7D9B00E364C849C1B85DF /* Inter-Black.ttf in Resources */ = {isa = PBXBuildFile; fileRef = C52D358CA3934131BDF249F9 /* Inter-Black.ttf */; };
		FAA830DC886C4583B6DD8C77 /* SourceSansPro-BoldItalic.ttf in Resources */ = {isa = PBXBuildFile; fileRef = 1B83BE6240354853BA42AF5F /* SourceSansPro-BoldItalic.ttf */; };
		FB78CB0CDB134172ADCE8F8C /* Inter-Medium.ttf in Resources */ = {isa = PBXBuildFile; fileRef = 0A33363B9EDF4E9081BA2A63 /* Inter-Medium.ttf */; };
		FB862C0B54CB4B92922AA871 /* Roboto-LightItalic.ttf in Resources */ = {isa = PBXBuildFile; fileRef = 40B6C98F82164686B455CF18 /* Roboto-LightItalic.ttf */; };
/* End PBXBuildFile section */

/* Begin PBXContainerItemProxy section */
		00E356F41AD99517003FC87E /* PBXContainerItemProxy */ = {
			isa = PBXContainerItemProxy;
			containerPortal = 83CBB9F71A601CBA00E9B192 /* Project object */;
			proxyType = 1;
			remoteGlobalIDString = 13B07F861A680F5B00A75B9A;
			remoteInfo = Mobiliaria;
		};
/* End PBXContainerItemProxy section */

/* Begin PBXFileReference section */
		00E356EE1AD99517003FC87E /* MobiliariaTests.xctest */ = {isa = PBXFileReference; explicitFileType = wrapper.cfbundle; includeInIndex = 0; path = MobiliariaTests.xctest; sourceTree = BUILT_PRODUCTS_DIR; };
		00E356F11AD99517003FC87E /* Info.plist */ = {isa = PBXFileReference; lastKnownFileType = text.plist.xml; path = Info.plist; sourceTree = "<group>"; };
		00E356F21AD99517003FC87E /* MobiliariaTests.m */ = {isa = PBXFileReference; lastKnownFileType = sourcecode.c.objc; path = MobiliariaTests.m; sourceTree = "<group>"; };
		08B0945050624379B63D4420 /* Roboto-Thin.ttf */ = {isa = PBXFileReference; explicitFileType = undefined; fileEncoding = 9; includeInIndex = 0; lastKnownFileType = unknown; name = "Roboto-Thin.ttf"; path = "../src/assets/fonts/roboto/Roboto-Thin.ttf"; sourceTree = "<group>"; };
		0A33363B9EDF4E9081BA2A63 /* Inter-Medium.ttf */ = {isa = PBXFileReference; explicitFileType = undefined; fileEncoding = 9; includeInIndex = 0; lastKnownFileType = unknown; name = "Inter-Medium.ttf"; path = "../src/assets/fonts/Inter/Inter-Medium.ttf"; sourceTree = "<group>"; };
		13B07F961A680F5B00A75B9A /* Mobiliaria.app */ = {isa = PBXFileReference; explicitFileType = wrapper.application; includeInIndex = 0; path = Mobiliaria.app; sourceTree = BUILT_PRODUCTS_DIR; };
		13B07FAF1A68108700A75B9A /* AppDelegate.h */ = {isa = PBXFileReference; fileEncoding = 4; lastKnownFileType = sourcecode.c.h; name = AppDelegate.h; path = Mobiliaria/AppDelegate.h; sourceTree = "<group>"; };
		13B07FB01A68108700A75B9A /* AppDelegate.mm */ = {isa = PBXFileReference; fileEncoding = 4; lastKnownFileType = sourcecode.cpp.objcpp; name = AppDelegate.mm; path = Mobiliaria/AppDelegate.mm; sourceTree = "<group>"; };
		13B07FB51A68108700A75B9A /* Images.xcassets */ = {isa = PBXFileReference; lastKnownFileType = folder.assetcatalog; name = Images.xcassets; path = Mobiliaria/Images.xcassets; sourceTree = "<group>"; };
		13B07FB61A68108700A75B9A /* Info.plist */ = {isa = PBXFileReference; fileEncoding = 4; lastKnownFileType = text.plist.xml; name = Info.plist; path = Mobiliaria/Info.plist; sourceTree = "<group>"; };
		13B07FB71A68108700A75B9A /* main.m */ = {isa = PBXFileReference; fileEncoding = 4; lastKnownFileType = sourcecode.c.objc; name = main.m; path = Mobiliaria/main.m; sourceTree = "<group>"; };
		19F6CBCC0A4E27FBF8BF4A61 /* libPods-Mobiliaria-MobiliariaTests.a */ = {isa = PBXFileReference; explicitFileType = archive.ar; includeInIndex = 0; path = "libPods-Mobiliaria-MobiliariaTests.a"; sourceTree = BUILT_PRODUCTS_DIR; };
		1B83BE6240354853BA42AF5F /* SourceSansPro-BoldItalic.ttf */ = {isa = PBXFileReference; explicitFileType = undefined; fileEncoding = 9; includeInIndex = 0; lastKnownFileType = unknown; name = "SourceSansPro-BoldItalic.ttf"; path = "../src/assets/fonts/SourceSansPro/SourceSansPro-BoldItalic.ttf"; sourceTree = "<group>"; };
		222E9AE16A7647FA946C810F /* Inter-ExtraBold.ttf */ = {isa = PBXFileReference; explicitFileType = undefined; fileEncoding = 9; includeInIndex = 0; lastKnownFileType = unknown; name = "Inter-ExtraBold.ttf"; path = "../src/assets/fonts/Inter/Inter-ExtraBold.ttf"; sourceTree = "<group>"; };
		35EB162B71014E8D89816EB6 /* Roboto-MediumItalic.ttf */ = {isa = PBXFileReference; explicitFileType = undefined; fileEncoding = 9; includeInIndex = 0; lastKnownFileType = unknown; name = "Roboto-MediumItalic.ttf"; path = "../src/assets/fonts/roboto/Roboto-MediumItalic.ttf"; sourceTree = "<group>"; };
		3B4392A12AC88292D35C810B /* Pods-Mobiliaria.debug.xcconfig */ = {isa = PBXFileReference; includeInIndex = 1; lastKnownFileType = text.xcconfig; name = "Pods-Mobiliaria.debug.xcconfig"; path = "Target Support Files/Pods-Mobiliaria/Pods-Mobiliaria.debug.xcconfig"; sourceTree = "<group>"; };
		3D78C010F82749DF8460DCCD /* SourceSansPro-Bold.ttf */ = {isa = PBXFileReference; explicitFileType = undefined; fileEncoding = 9; includeInIndex = 0; lastKnownFileType = unknown; name = "SourceSansPro-Bold.ttf"; path = "../src/assets/fonts/SourceSansPro/SourceSansPro-Bold.ttf"; sourceTree = "<group>"; };
		3E983D9CD3884C76BCAB527A /* SourceSansPro-ExtraLight.ttf */ = {isa = PBXFileReference; explicitFileType = undefined; fileEncoding = 9; includeInIndex = 0; lastKnownFileType = unknown; name = "SourceSansPro-ExtraLight.ttf"; path = "../src/assets/fonts/SourceSansPro/SourceSansPro-ExtraLight.ttf"; sourceTree = "<group>"; };
		40B6C98F82164686B455CF18 /* Roboto-LightItalic.ttf */ = {isa = PBXFileReference; explicitFileType = undefined; fileEncoding = 9; includeInIndex = 0; lastKnownFileType = unknown; name = "Roboto-LightItalic.ttf"; path = "../src/assets/fonts/roboto/Roboto-LightItalic.ttf"; sourceTree = "<group>"; };
		45625AC3E26F4EF5A369E6F2 /* Roboto-Bold.ttf */ = {isa = PBXFileReference; explicitFileType = undefined; fileEncoding = 9; includeInIndex = 0; lastKnownFileType = unknown; name = "Roboto-Bold.ttf"; path = "../src/assets/fonts/roboto/Roboto-Bold.ttf"; sourceTree = "<group>"; };
		47170DCA77E147248958BFE8 /* Roboto-Italic.ttf */ = {isa = PBXFileReference; explicitFileType = undefined; fileEncoding = 9; includeInIndex = 0; lastKnownFileType = unknown; name = "Roboto-Italic.ttf"; path = "../src/assets/fonts/roboto/Roboto-Italic.ttf"; sourceTree = "<group>"; };
		4D12C0BA3A2443DABEC73208 /* SourceSansPro-LightItalic.ttf */ = {isa = PBXFileReference; explicitFileType = undefined; fileEncoding = 9; includeInIndex = 0; lastKnownFileType = unknown; name = "SourceSansPro-LightItalic.ttf"; path = "../src/assets/fonts/SourceSansPro/SourceSansPro-LightItalic.ttf"; sourceTree = "<group>"; };
		4DB989988AB640CD909AF4D6 /* Roboto-ThinItalic.ttf */ = {isa = PBXFileReference; explicitFileType = undefined; fileEncoding = 9; includeInIndex = 0; lastKnownFileType = unknown; name = "Roboto-ThinItalic.ttf"; path = "../src/assets/fonts/roboto/Roboto-ThinItalic.ttf"; sourceTree = "<group>"; };
		55740931FCA1472F85729744 /* Inter-SemiBold.ttf */ = {isa = PBXFileReference; explicitFileType = undefined; fileEncoding = 9; includeInIndex = 0; lastKnownFileType = unknown; name = "Inter-SemiBold.ttf"; path = "../src/assets/fonts/Inter/Inter-SemiBold.ttf"; sourceTree = "<group>"; };
		5709B34CF0A7D63546082F79 /* Pods-Mobiliaria.release.xcconfig */ = {isa = PBXFileReference; includeInIndex = 1; lastKnownFileType = text.xcconfig; name = "Pods-Mobiliaria.release.xcconfig"; path = "Target Support Files/Pods-Mobiliaria/Pods-Mobiliaria.release.xcconfig"; sourceTree = "<group>"; };
		5B7EB9410499542E8C5724F5 /* Pods-Mobiliaria-MobiliariaTests.debug.xcconfig */ = {isa = PBXFileReference; includeInIndex = 1; lastKnownFileType = text.xcconfig; name = "Pods-Mobiliaria-MobiliariaTests.debug.xcconfig"; path = "Target Support Files/Pods-Mobiliaria-MobiliariaTests/Pods-Mobiliaria-MobiliariaTests.debug.xcconfig"; sourceTree = "<group>"; };
		5C42074B08984CF481B5A623 /* SourceSansPro-Light.ttf */ = {isa = PBXFileReference; explicitFileType = undefined; fileEncoding = 9; includeInIndex = 0; lastKnownFileType = unknown; name = "SourceSansPro-Light.ttf"; path = "../src/assets/fonts/SourceSansPro/SourceSansPro-Light.ttf"; sourceTree = "<group>"; };
		5DCACB8F33CDC322A6C60F78 /* libPods-Mobiliaria.a */ = {isa = PBXFileReference; explicitFileType = archive.ar; includeInIndex = 0; path = "libPods-Mobiliaria.a"; sourceTree = BUILT_PRODUCTS_DIR; };
		6AA83E0FE1224C48A35C8BFF /* Prata-Regular.ttf */ = {isa = PBXFileReference; explicitFileType = undefined; fileEncoding = 9; includeInIndex = 0; lastKnownFileType = unknown; name = "Prata-Regular.ttf"; path = "../src/assets/fonts/Prata/Prata-Regular.ttf"; sourceTree = "<group>"; };
		71573E87DB91457A9A23C87A /* SourceSansPro-ExtraLightItalic.ttf */ = {isa = PBXFileReference; explicitFileType = undefined; fileEncoding = 9; includeInIndex = 0; lastKnownFileType = unknown; name = "SourceSansPro-ExtraLightItalic.ttf"; path = "../src/assets/fonts/SourceSansPro/SourceSansPro-ExtraLightItalic.ttf"; sourceTree = "<group>"; };
		7653DD7516A54AFB89A2AB21 /* SourceSansPro-SemiBoldItalic.ttf */ = {isa = PBXFileReference; explicitFileType = undefined; fileEncoding = 9; includeInIndex = 0; lastKnownFileType = unknown; name = "SourceSansPro-SemiBoldItalic.ttf"; path = "../src/assets/fonts/SourceSansPro/SourceSansPro-SemiBoldItalic.ttf"; sourceTree = "<group>"; };
		7B9DD2D33FAB4C8283A404EF /* SourceSansPro-Italic.ttf */ = {isa = PBXFileReference; explicitFileType = undefined; fileEncoding = 9; includeInIndex = 0; lastKnownFileType = unknown; name = "SourceSansPro-Italic.ttf"; path = "../src/assets/fonts/SourceSansPro/SourceSansPro-Italic.ttf"; sourceTree = "<group>"; };
		81AB9BB72411601600AC10FF /* LaunchScreen.storyboard */ = {isa = PBXFileReference; fileEncoding = 4; lastKnownFileType = file.storyboard; name = LaunchScreen.storyboard; path = Mobiliaria/LaunchScreen.storyboard; sourceTree = "<group>"; };
		83E6DE4A109242E4B9BEB0DB /* Roboto-Regular.ttf */ = {isa = PBXFileReference; explicitFileType = undefined; fileEncoding = 9; includeInIndex = 0; lastKnownFileType = unknown; name = "Roboto-Regular.ttf"; path = "../src/assets/fonts/roboto/Roboto-Regular.ttf"; sourceTree = "<group>"; };
		848BDBCF2B86E0F300E0759D /* Media.xcassets */ = {isa = PBXFileReference; lastKnownFileType = folder.assetcatalog; path = Media.xcassets; sourceTree = "<group>"; };
		89C6BE57DB24E9ADA2F236DE /* Pods-Mobiliaria-MobiliariaTests.release.xcconfig */ = {isa = PBXFileReference; includeInIndex = 1; lastKnownFileType = text.xcconfig; name = "Pods-Mobiliaria-MobiliariaTests.release.xcconfig"; path = "Target Support Files/Pods-Mobiliaria-MobiliariaTests/Pods-Mobiliaria-MobiliariaTests.release.xcconfig"; sourceTree = "<group>"; };
		8B33974A23B3404FAAB8B67B /* Inter-Regular.ttf */ = {isa = PBXFileReference; explicitFileType = undefined; fileEncoding = 9; includeInIndex = 0; lastKnownFileType = unknown; name = "Inter-Regular.ttf"; path = "../src/assets/fonts/Inter/Inter-Regular.ttf"; sourceTree = "<group>"; };
		8C0D5495E89A4550ADC6B010 /* SourceSansPro-SemiBold.ttf */ = {isa = PBXFileReference; explicitFileType = undefined; fileEncoding = 9; includeInIndex = 0; lastKnownFileType = unknown; name = "SourceSansPro-SemiBold.ttf"; path = "../src/assets/fonts/SourceSansPro/SourceSansPro-SemiBold.ttf"; sourceTree = "<group>"; };
		8C989FD6DB1848B081715F1E /* Inter-Thin.ttf */ = {isa = PBXFileReference; explicitFileType = undefined; fileEncoding = 9; includeInIndex = 0; lastKnownFileType = unknown; name = "Inter-Thin.ttf"; path = "../src/assets/fonts/Inter/Inter-Thin.ttf"; sourceTree = "<group>"; };
		92A35EF8F41A490FA3CEA708 /* Roboto-Medium.ttf */ = {isa = PBXFileReference; explicitFileType = undefined; fileEncoding = 9; includeInIndex = 0; lastKnownFileType = unknown; name = "Roboto-Medium.ttf"; path = "../src/assets/fonts/roboto/Roboto-Medium.ttf"; sourceTree = "<group>"; };
		B72F5E4B723A4E14AD2DBFA0 /* Inter-Light.ttf */ = {isa = PBXFileReference; explicitFileType = undefined; fileEncoding = 9; includeInIndex = 0; lastKnownFileType = unknown; name = "Inter-Light.ttf"; path = "../src/assets/fonts/Inter/Inter-Light.ttf"; sourceTree = "<group>"; };
		BE3B66358F7C4C1C9CADE069 /* Roboto-Light.ttf */ = {isa = PBXFileReference; explicitFileType = undefined; fileEncoding = 9; includeInIndex = 0; lastKnownFileType = unknown; name = "Roboto-Light.ttf"; path = "../src/assets/fonts/roboto/Roboto-Light.ttf"; sourceTree = "<group>"; };
		C52D358CA3934131BDF249F9 /* Inter-Black.ttf */ = {isa = PBXFileReference; explicitFileType = undefined; fileEncoding = 9; includeInIndex = 0; lastKnownFileType = unknown; name = "Inter-Black.ttf"; path = "../src/assets/fonts/Inter/Inter-Black.ttf"; sourceTree = "<group>"; };
		D6052103DC6746A099D0052E /* SourceSansPro-BlackItalic.ttf */ = {isa = PBXFileReference; explicitFileType = undefined; fileEncoding = 9; includeInIndex = 0; lastKnownFileType = unknown; name = "SourceSansPro-BlackItalic.ttf"; path = "../src/assets/fonts/SourceSansPro/SourceSansPro-BlackItalic.ttf"; sourceTree = "<group>"; };
		D62D2DE4EC6343F691867F67 /* Inter-Bold.ttf */ = {isa = PBXFileReference; explicitFileType = undefined; fileEncoding = 9; includeInIndex = 0; lastKnownFileType = unknown; name = "Inter-Bold.ttf"; path = "../src/assets/fonts/Inter/Inter-Bold.ttf"; sourceTree = "<group>"; };
		DC8D6B73C2424BCC93B4B128 /* Inter-ExtraLight.ttf */ = {isa = PBXFileReference; explicitFileType = undefined; fileEncoding = 9; includeInIndex = 0; lastKnownFileType = unknown; name = "Inter-ExtraLight.ttf"; path = "../src/assets/fonts/Inter/Inter-ExtraLight.ttf"; sourceTree = "<group>"; };
		E310597AB54D4B46B71B307D /* Roboto-Black.ttf */ = {isa = PBXFileReference; explicitFileType = undefined; fileEncoding = 9; includeInIndex = 0; lastKnownFileType = unknown; name = "Roboto-Black.ttf"; path = "../src/assets/fonts/roboto/Roboto-Black.ttf"; sourceTree = "<group>"; };
		E4CE86F24E5340DEB8E84531 /* Roboto-BoldItalic.ttf */ = {isa = PBXFileReference; explicitFileType = undefined; fileEncoding = 9; includeInIndex = 0; lastKnownFileType = unknown; name = "Roboto-BoldItalic.ttf"; path = "../src/assets/fonts/roboto/Roboto-BoldItalic.ttf"; sourceTree = "<group>"; };
		ED297162215061F000B7C4FE /* JavaScriptCore.framework */ = {isa = PBXFileReference; lastKnownFileType = wrapper.framework; name = JavaScriptCore.framework; path = System/Library/Frameworks/JavaScriptCore.framework; sourceTree = SDKROOT; };
		F0EACFEB99984F0098F9D97B /* SourceSansPro-Regular.ttf */ = {isa = PBXFileReference; explicitFileType = undefined; fileEncoding = 9; includeInIndex = 0; lastKnownFileType = unknown; name = "SourceSansPro-Regular.ttf"; path = "../src/assets/fonts/SourceSansPro/SourceSansPro-Regular.ttf"; sourceTree = "<group>"; };
		F4886D9946B042F58B32C354 /* SourceSansPro-Black.ttf */ = {isa = PBXFileReference; explicitFileType = undefined; fileEncoding = 9; includeInIndex = 0; lastKnownFileType = unknown; name = "SourceSansPro-Black.ttf"; path = "../src/assets/fonts/SourceSansPro/SourceSansPro-Black.ttf"; sourceTree = "<group>"; };
		F878C9E3C4344038A8B60773 /* Roboto-BlackItalic.ttf */ = {isa = PBXFileReference; explicitFileType = undefined; fileEncoding = 9; includeInIndex = 0; lastKnownFileType = unknown; name = "Roboto-BlackItalic.ttf"; path = "../src/assets/fonts/roboto/Roboto-BlackItalic.ttf"; sourceTree = "<group>"; };
/* End PBXFileReference section */

/* Begin PBXFrameworksBuildPhase section */
		00E356EB1AD99517003FC87E /* Frameworks */ = {
			isa = PBXFrameworksBuildPhase;
			buildActionMask = 2147483647;
			files = (
				7699B88040F8A987B510C191 /* libPods-Mobiliaria-MobiliariaTests.a in Frameworks */,
			);
			runOnlyForDeploymentPostprocessing = 0;
		};
		13B07F8C1A680F5B00A75B9A /* Frameworks */ = {
			isa = PBXFrameworksBuildPhase;
			buildActionMask = 2147483647;
			files = (
				0C80B921A6F3F58F76C31292 /* libPods-Mobiliaria.a in Frameworks */,
			);
			runOnlyForDeploymentPostprocessing = 0;
		};
/* End PBXFrameworksBuildPhase section */

/* Begin PBXGroup section */
		00E356EF1AD99517003FC87E /* MobiliariaTests */ = {
			isa = PBXGroup;
			children = (
				00E356F21AD99517003FC87E /* MobiliariaTests.m */,
				00E356F01AD99517003FC87E /* Supporting Files */,
			);
			path = MobiliariaTests;
			sourceTree = "<group>";
		};
		00E356F01AD99517003FC87E /* Supporting Files */ = {
			isa = PBXGroup;
			children = (
				00E356F11AD99517003FC87E /* Info.plist */,
			);
			name = "Supporting Files";
			sourceTree = "<group>";
		};
		1001E5C1046E4B9F91FE8AA8 /* Resources */ = {
			isa = PBXGroup;
			children = (
				C52D358CA3934131BDF249F9 /* Inter-Black.ttf */,
				D62D2DE4EC6343F691867F67 /* Inter-Bold.ttf */,
				222E9AE16A7647FA946C810F /* Inter-ExtraBold.ttf */,
				DC8D6B73C2424BCC93B4B128 /* Inter-ExtraLight.ttf */,
				B72F5E4B723A4E14AD2DBFA0 /* Inter-Light.ttf */,
				0A33363B9EDF4E9081BA2A63 /* Inter-Medium.ttf */,
				8B33974A23B3404FAAB8B67B /* Inter-Regular.ttf */,
				55740931FCA1472F85729744 /* Inter-SemiBold.ttf */,
				8C989FD6DB1848B081715F1E /* Inter-Thin.ttf */,
				6AA83E0FE1224C48A35C8BFF /* Prata-Regular.ttf */,
				E310597AB54D4B46B71B307D /* Roboto-Black.ttf */,
				F878C9E3C4344038A8B60773 /* Roboto-BlackItalic.ttf */,
				45625AC3E26F4EF5A369E6F2 /* Roboto-Bold.ttf */,
				E4CE86F24E5340DEB8E84531 /* Roboto-BoldItalic.ttf */,
				47170DCA77E147248958BFE8 /* Roboto-Italic.ttf */,
				BE3B66358F7C4C1C9CADE069 /* Roboto-Light.ttf */,
				40B6C98F82164686B455CF18 /* Roboto-LightItalic.ttf */,
				92A35EF8F41A490FA3CEA708 /* Roboto-Medium.ttf */,
				35EB162B71014E8D89816EB6 /* Roboto-MediumItalic.ttf */,
				83E6DE4A109242E4B9BEB0DB /* Roboto-Regular.ttf */,
				08B0945050624379B63D4420 /* Roboto-Thin.ttf */,
				4DB989988AB640CD909AF4D6 /* Roboto-ThinItalic.ttf */,
				F4886D9946B042F58B32C354 /* SourceSansPro-Black.ttf */,
				D6052103DC6746A099D0052E /* SourceSansPro-BlackItalic.ttf */,
				3D78C010F82749DF8460DCCD /* SourceSansPro-Bold.ttf */,
				1B83BE6240354853BA42AF5F /* SourceSansPro-BoldItalic.ttf */,
				3E983D9CD3884C76BCAB527A /* SourceSansPro-ExtraLight.ttf */,
				71573E87DB91457A9A23C87A /* SourceSansPro-ExtraLightItalic.ttf */,
				7B9DD2D33FAB4C8283A404EF /* SourceSansPro-Italic.ttf */,
				5C42074B08984CF481B5A623 /* SourceSansPro-Light.ttf */,
				4D12C0BA3A2443DABEC73208 /* SourceSansPro-LightItalic.ttf */,
				F0EACFEB99984F0098F9D97B /* SourceSansPro-Regular.ttf */,
				8C0D5495E89A4550ADC6B010 /* SourceSansPro-SemiBold.ttf */,
				7653DD7516A54AFB89A2AB21 /* SourceSansPro-SemiBoldItalic.ttf */,
			);
			name = Resources;
			sourceTree = "<group>";
		};
		13B07FAE1A68108700A75B9A /* Mobiliaria */ = {
			isa = PBXGroup;
			children = (
				13B07FAF1A68108700A75B9A /* AppDelegate.h */,
				13B07FB01A68108700A75B9A /* AppDelegate.mm */,
				13B07FB51A68108700A75B9A /* Images.xcassets */,
				13B07FB61A68108700A75B9A /* Info.plist */,
				81AB9BB72411601600AC10FF /* LaunchScreen.storyboard */,
				13B07FB71A68108700A75B9A /* main.m */,
				848BDBCF2B86E0F300E0759D /* Media.xcassets */,
			);
			name = Mobiliaria;
			sourceTree = "<group>";
		};
		2D16E6871FA4F8E400B85C8A /* Frameworks */ = {
			isa = PBXGroup;
			children = (
				ED297162215061F000B7C4FE /* JavaScriptCore.framework */,
				5DCACB8F33CDC322A6C60F78 /* libPods-Mobiliaria.a */,
				19F6CBCC0A4E27FBF8BF4A61 /* libPods-Mobiliaria-MobiliariaTests.a */,
			);
			name = Frameworks;
			sourceTree = "<group>";
		};
		832341AE1AAA6A7D00B99B32 /* Libraries */ = {
			isa = PBXGroup;
			children = (
			);
			name = Libraries;
			sourceTree = "<group>";
		};
		83CBB9F61A601CBA00E9B192 = {
			isa = PBXGroup;
			children = (
				13B07FAE1A68108700A75B9A /* Mobiliaria */,
				832341AE1AAA6A7D00B99B32 /* Libraries */,
				00E356EF1AD99517003FC87E /* MobiliariaTests */,
				83CBBA001A601CBA00E9B192 /* Products */,
				2D16E6871FA4F8E400B85C8A /* Frameworks */,
				BBD78D7AC51CEA395F1C20DB /* Pods */,
				1001E5C1046E4B9F91FE8AA8 /* Resources */,
			);
			indentWidth = 2;
			sourceTree = "<group>";
			tabWidth = 2;
			usesTabs = 0;
		};
		83CBBA001A601CBA00E9B192 /* Products */ = {
			isa = PBXGroup;
			children = (
				13B07F961A680F5B00A75B9A /* Mobiliaria.app */,
				00E356EE1AD99517003FC87E /* MobiliariaTests.xctest */,
			);
			name = Products;
			sourceTree = "<group>";
		};
		BBD78D7AC51CEA395F1C20DB /* Pods */ = {
			isa = PBXGroup;
			children = (
				3B4392A12AC88292D35C810B /* Pods-Mobiliaria.debug.xcconfig */,
				5709B34CF0A7D63546082F79 /* Pods-Mobiliaria.release.xcconfig */,
				5B7EB9410499542E8C5724F5 /* Pods-Mobiliaria-MobiliariaTests.debug.xcconfig */,
				89C6BE57DB24E9ADA2F236DE /* Pods-Mobiliaria-MobiliariaTests.release.xcconfig */,
			);
			path = Pods;
			sourceTree = "<group>";
		};
/* End PBXGroup section */

/* Begin PBXNativeTarget section */
		00E356ED1AD99517003FC87E /* MobiliariaTests */ = {
			isa = PBXNativeTarget;
			buildConfigurationList = 00E357021AD99517003FC87E /* Build configuration list for PBXNativeTarget "MobiliariaTests" */;
			buildPhases = (
				A55EABD7B0C7F3A422A6CC61 /* [CP] Check Pods Manifest.lock */,
				00E356EA1AD99517003FC87E /* Sources */,
				00E356EB1AD99517003FC87E /* Frameworks */,
				00E356EC1AD99517003FC87E /* Resources */,
				C59DA0FBD6956966B86A3779 /* [CP] Embed Pods Frameworks */,
				F6A41C54EA430FDDC6A6ED99 /* [CP] Copy Pods Resources */,
			);
			buildRules = (
			);
			dependencies = (
				00E356F51AD99517003FC87E /* PBXTargetDependency */,
			);
			name = MobiliariaTests;
			productName = MobiliariaTests;
			productReference = 00E356EE1AD99517003FC87E /* MobiliariaTests.xctest */;
			productType = "com.apple.product-type.bundle.unit-test";
		};
		13B07F861A680F5B00A75B9A /* Mobiliaria */ = {
			isa = PBXNativeTarget;
			buildConfigurationList = 13B07F931A680F5B00A75B9A /* Build configuration list for PBXNativeTarget "Mobiliaria" */;
			buildPhases = (
				C38B50BA6285516D6DCD4F65 /* [CP] Check Pods Manifest.lock */,
				FD10A7F022414F080027D42C /* Start Packager */,
				13B07F871A680F5B00A75B9A /* Sources */,
				13B07F8C1A680F5B00A75B9A /* Frameworks */,
				13B07F8E1A680F5B00A75B9A /* Resources */,
				00DD1BFF1BD5951E006B06BC /* Bundle React Native code and images */,
				00EEFC60759A1932668264C0 /* [CP] Embed Pods Frameworks */,
				E235C05ADACE081382539298 /* [CP] Copy Pods Resources */,
			);
			buildRules = (
			);
			dependencies = (
			);
			name = Mobiliaria;
			productName = Mobiliaria;
			productReference = 13B07F961A680F5B00A75B9A /* Mobiliaria.app */;
			productType = "com.apple.product-type.application";
		};
/* End PBXNativeTarget section */

/* Begin PBXProject section */
		83CBB9F71A601CBA00E9B192 /* Project object */ = {
			isa = PBXProject;
			attributes = {
				LastUpgradeCheck = 1210;
				TargetAttributes = {
					00E356ED1AD99517003FC87E = {
						CreatedOnToolsVersion = 6.2;
						TestTargetID = 13B07F861A680F5B00A75B9A;
					};
					13B07F861A680F5B00A75B9A = {
						LastSwiftMigration = 1120;
					};
				};
			};
			buildConfigurationList = 83CBB9FA1A601CBA00E9B192 /* Build configuration list for PBXProject "Mobiliaria" */;
			compatibilityVersion = "Xcode 12.0";
			developmentRegion = en;
			hasScannedForEncodings = 0;
			knownRegions = (
				en,
				Base,
			);
			mainGroup = 83CBB9F61A601CBA00E9B192;
			productRefGroup = 83CBBA001A601CBA00E9B192 /* Products */;
			projectDirPath = "";
			projectRoot = "";
			targets = (
				13B07F861A680F5B00A75B9A /* Mobiliaria */,
				00E356ED1AD99517003FC87E /* MobiliariaTests */,
			);
		};
/* End PBXProject section */

/* Begin PBXResourcesBuildPhase section */
		00E356EC1AD99517003FC87E /* Resources */ = {
			isa = PBXResourcesBuildPhase;
			buildActionMask = 2147483647;
			files = (
			);
			runOnlyForDeploymentPostprocessing = 0;
		};
		13B07F8E1A680F5B00A75B9A /* Resources */ = {
			isa = PBXResourcesBuildPhase;
			buildActionMask = 2147483647;
			files = (
				848BDBD02B86E0F300E0759D /* Media.xcassets in Resources */,
				81AB9BB82411601600AC10FF /* LaunchScreen.storyboard in Resources */,
				13B07FBF1A68108700A75B9A /* Images.xcassets in Resources */,
				EED7D9B00E364C849C1B85DF /* Inter-Black.ttf in Resources */,
				E82DBD3826594B03BE6C96EA /* Inter-Bold.ttf in Resources */,
				EB333B90DE57477088ECED44 /* Inter-ExtraBold.ttf in Resources */,
				D7760CE8FA844F2C9F472CA2 /* Inter-ExtraLight.ttf in Resources */,
				25D17692ABA54A85A5CB8923 /* Inter-Light.ttf in Resources */,
				FB78CB0CDB134172ADCE8F8C /* Inter-Medium.ttf in Resources */,
				1C805D1ADD9C427195EFAC7E /* Inter-Regular.ttf in Resources */,
				B47DB254481847709CF4C797 /* Inter-SemiBold.ttf in Resources */,
				1A889B47BF424FA29841AFD7 /* Inter-Thin.ttf in Resources */,
				9710B6DA89DE4473AB4CEF72 /* Prata-Regular.ttf in Resources */,
				1C06BD16195545AE9FBC075B /* Roboto-Black.ttf in Resources */,
				58277B0363F14B529E36BB00 /* Roboto-BlackItalic.ttf in Resources */,
				641BAFF2D0B245E7BEF6721A /* Roboto-Bold.ttf in Resources */,
				D73A65C2435C44D48E74DD0B /* Roboto-BoldItalic.ttf in Resources */,
				CA7967A712964543867B564B /* Roboto-Italic.ttf in Resources */,
				67B702F8C0D242E4BB8AF719 /* Roboto-Light.ttf in Resources */,
				FB862C0B54CB4B92922AA871 /* Roboto-LightItalic.ttf in Resources */,
				693A1E2DF092444896C73039 /* Roboto-Medium.ttf in Resources */,
				5CA12AACE76E44CAA3D7B18C /* Roboto-MediumItalic.ttf in Resources */,
				5C8464917A4C4362A2A5A528 /* Roboto-Regular.ttf in Resources */,
				583E88A8CCC045C6BFEC5A90 /* Roboto-Thin.ttf in Resources */,
				DE10EFDA6F70410B992DA6C1 /* Roboto-ThinItalic.ttf in Resources */,
				EACC11FA2F1C47308E90C639 /* SourceSansPro-Black.ttf in Resources */,
				61E971F208174B9F86FBDDA7 /* SourceSansPro-BlackItalic.ttf in Resources */,
				A6FBFF7F87504B33A5FDB21A /* SourceSansPro-Bold.ttf in Resources */,
				FAA830DC886C4583B6DD8C77 /* SourceSansPro-BoldItalic.ttf in Resources */,
				B0DC6F1B324C42A68073B72F /* SourceSansPro-ExtraLight.ttf in Resources */,
				14C4C790306545FEBEA53DFE /* SourceSansPro-ExtraLightItalic.ttf in Resources */,
				61E107F18D554DA6A11186EA /* SourceSansPro-Italic.ttf in Resources */,
				1CF99E2248844ACBADBE23F8 /* SourceSansPro-Light.ttf in Resources */,
				62FD4DE8D003471BB4C8C449 /* SourceSansPro-LightItalic.ttf in Resources */,
				5862FCE6240E45159EC4FD1D /* SourceSansPro-Regular.ttf in Resources */,
				78BDB6189E09440A805D0BEC /* SourceSansPro-SemiBold.ttf in Resources */,
				93DF9187877F4B0E9B176141 /* SourceSansPro-SemiBoldItalic.ttf in Resources */,
			);
			runOnlyForDeploymentPostprocessing = 0;
		};
/* End PBXResourcesBuildPhase section */

/* Begin PBXShellScriptBuildPhase section */
		00DD1BFF1BD5951E006B06BC /* Bundle React Native code and images */ = {
			isa = PBXShellScriptBuildPhase;
			buildActionMask = 2147483647;
			files = (
			);
			inputPaths = (
				"$(SRCROOT)/.xcode.env.local",
				"$(SRCROOT)/.xcode.env",
			);
			name = "Bundle React Native code and images";
			outputPaths = (
			);
			runOnlyForDeploymentPostprocessing = 0;
			shellPath = /bin/sh;
			shellScript = "set -e\n\nWITH_ENVIRONMENT=\"../node_modules/react-native/scripts/xcode/with-environment.sh\"\nREACT_NATIVE_XCODE=\"../node_modules/react-native/scripts/react-native-xcode.sh\"\n\n/bin/sh -c \"$WITH_ENVIRONMENT $REACT_NATIVE_XCODE\"\n";
		};
		00EEFC60759A1932668264C0 /* [CP] Embed Pods Frameworks */ = {
			isa = PBXShellScriptBuildPhase;
			buildActionMask = 2147483647;
			files = (
			);
			inputFileListPaths = (
				"${PODS_ROOT}/Target Support Files/Pods-Mobiliaria/Pods-Mobiliaria-frameworks-${CONFIGURATION}-input-files.xcfilelist",
			);
			name = "[CP] Embed Pods Frameworks";
			outputFileListPaths = (
				"${PODS_ROOT}/Target Support Files/Pods-Mobiliaria/Pods-Mobiliaria-frameworks-${CONFIGURATION}-output-files.xcfilelist",
			);
			runOnlyForDeploymentPostprocessing = 0;
			shellPath = /bin/sh;
			shellScript = "\"${PODS_ROOT}/Target Support Files/Pods-Mobiliaria/Pods-Mobiliaria-frameworks.sh\"\n";
			showEnvVarsInLog = 0;
		};
		A55EABD7B0C7F3A422A6CC61 /* [CP] Check Pods Manifest.lock */ = {
			isa = PBXShellScriptBuildPhase;
			buildActionMask = 2147483647;
			files = (
			);
			inputFileListPaths = (
			);
			inputPaths = (
				"${PODS_PODFILE_DIR_PATH}/Podfile.lock",
				"${PODS_ROOT}/Manifest.lock",
			);
			name = "[CP] Check Pods Manifest.lock";
			outputFileListPaths = (
			);
			outputPaths = (
				"$(DERIVED_FILE_DIR)/Pods-Mobiliaria-MobiliariaTests-checkManifestLockResult.txt",
			);
			runOnlyForDeploymentPostprocessing = 0;
			shellPath = /bin/sh;
			shellScript = "diff \"${PODS_PODFILE_DIR_PATH}/Podfile.lock\" \"${PODS_ROOT}/Manifest.lock\" > /dev/null\nif [ $? != 0 ] ; then\n    # print error to STDERR\n    echo \"error: The sandbox is not in sync with the Podfile.lock. Run 'pod install' or update your CocoaPods installation.\" >&2\n    exit 1\nfi\n# This output is used by Xcode 'outputs' to avoid re-running this script phase.\necho \"SUCCESS\" > \"${SCRIPT_OUTPUT_FILE_0}\"\n";
			showEnvVarsInLog = 0;
		};
		C38B50BA6285516D6DCD4F65 /* [CP] Check Pods Manifest.lock */ = {
			isa = PBXShellScriptBuildPhase;
			buildActionMask = 2147483647;
			files = (
			);
			inputFileListPaths = (
			);
			inputPaths = (
				"${PODS_PODFILE_DIR_PATH}/Podfile.lock",
				"${PODS_ROOT}/Manifest.lock",
			);
			name = "[CP] Check Pods Manifest.lock";
			outputFileListPaths = (
			);
			outputPaths = (
				"$(DERIVED_FILE_DIR)/Pods-Mobiliaria-checkManifestLockResult.txt",
			);
			runOnlyForDeploymentPostprocessing = 0;
			shellPath = /bin/sh;
			shellScript = "diff \"${PODS_PODFILE_DIR_PATH}/Podfile.lock\" \"${PODS_ROOT}/Manifest.lock\" > /dev/null\nif [ $? != 0 ] ; then\n    # print error to STDERR\n    echo \"error: The sandbox is not in sync with the Podfile.lock. Run 'pod install' or update your CocoaPods installation.\" >&2\n    exit 1\nfi\n# This output is used by Xcode 'outputs' to avoid re-running this script phase.\necho \"SUCCESS\" > \"${SCRIPT_OUTPUT_FILE_0}\"\n";
			showEnvVarsInLog = 0;
		};
		C59DA0FBD6956966B86A3779 /* [CP] Embed Pods Frameworks */ = {
			isa = PBXShellScriptBuildPhase;
			buildActionMask = 2147483647;
			files = (
			);
			inputFileListPaths = (
				"${PODS_ROOT}/Target Support Files/Pods-Mobiliaria-MobiliariaTests/Pods-Mobiliaria-MobiliariaTests-frameworks-${CONFIGURATION}-input-files.xcfilelist",
			);
			name = "[CP] Embed Pods Frameworks";
			outputFileListPaths = (
				"${PODS_ROOT}/Target Support Files/Pods-Mobiliaria-MobiliariaTests/Pods-Mobiliaria-MobiliariaTests-frameworks-${CONFIGURATION}-output-files.xcfilelist",
			);
			runOnlyForDeploymentPostprocessing = 0;
			shellPath = /bin/sh;
			shellScript = "\"${PODS_ROOT}/Target Support Files/Pods-Mobiliaria-MobiliariaTests/Pods-Mobiliaria-MobiliariaTests-frameworks.sh\"\n";
			showEnvVarsInLog = 0;
		};
		E235C05ADACE081382539298 /* [CP] Copy Pods Resources */ = {
			isa = PBXShellScriptBuildPhase;
			buildActionMask = 2147483647;
			files = (
			);
			inputFileListPaths = (
				"${PODS_ROOT}/Target Support Files/Pods-Mobiliaria/Pods-Mobiliaria-resources-${CONFIGURATION}-input-files.xcfilelist",
			);
			name = "[CP] Copy Pods Resources";
			outputFileListPaths = (
				"${PODS_ROOT}/Target Support Files/Pods-Mobiliaria/Pods-Mobiliaria-resources-${CONFIGURATION}-output-files.xcfilelist",
			);
			runOnlyForDeploymentPostprocessing = 0;
			shellPath = /bin/sh;
			shellScript = "\"${PODS_ROOT}/Target Support Files/Pods-Mobiliaria/Pods-Mobiliaria-resources.sh\"\n";
			showEnvVarsInLog = 0;
		};
		F6A41C54EA430FDDC6A6ED99 /* [CP] Copy Pods Resources */ = {
			isa = PBXShellScriptBuildPhase;
			buildActionMask = 2147483647;
			files = (
			);
			inputFileListPaths = (
				"${PODS_ROOT}/Target Support Files/Pods-Mobiliaria-MobiliariaTests/Pods-Mobiliaria-MobiliariaTests-resources-${CONFIGURATION}-input-files.xcfilelist",
			);
			name = "[CP] Copy Pods Resources";
			outputFileListPaths = (
				"${PODS_ROOT}/Target Support Files/Pods-Mobiliaria-MobiliariaTests/Pods-Mobiliaria-MobiliariaTests-resources-${CONFIGURATION}-output-files.xcfilelist",
			);
			runOnlyForDeploymentPostprocessing = 0;
			shellPath = /bin/sh;
			shellScript = "\"${PODS_ROOT}/Target Support Files/Pods-Mobiliaria-MobiliariaTests/Pods-Mobiliaria-MobiliariaTests-resources.sh\"\n";
			showEnvVarsInLog = 0;
		};
		FD10A7F022414F080027D42C /* Start Packager */ = {
			isa = PBXShellScriptBuildPhase;
			buildActionMask = 2147483647;
			files = (
			);
			inputFileListPaths = (
			);
			inputPaths = (
			);
			name = "Start Packager";
			outputFileListPaths = (
			);
			outputPaths = (
			);
			runOnlyForDeploymentPostprocessing = 0;
			shellPath = /bin/sh;
			shellScript = "export RCT_METRO_PORT=\"${RCT_METRO_PORT:=8081}\"\necho \"export RCT_METRO_PORT=${RCT_METRO_PORT}\" > \"${SRCROOT}/../node_modules/react-native/scripts/.packager.env\"\nif [ -z \"${RCT_NO_LAUNCH_PACKAGER+xxx}\" ] ; then\n  if nc -w 5 -z localhost ${RCT_METRO_PORT} ; then\n    if ! curl -s \"http://localhost:${RCT_METRO_PORT}/status\" | grep -q \"packager-status:running\" ; then\n      echo \"Port ${RCT_METRO_PORT} already in use, packager is either not running or not running correctly\"\n      exit 2\n    fi\n  else\n    open \"$SRCROOT/../node_modules/react-native/scripts/launchPackager.command\" || echo \"Can't start packager automatically\"\n  fi\nfi\n";
			showEnvVarsInLog = 0;
		};
/* End PBXShellScriptBuildPhase section */

/* Begin PBXSourcesBuildPhase section */
		00E356EA1AD99517003FC87E /* Sources */ = {
			isa = PBXSourcesBuildPhase;
			buildActionMask = 2147483647;
			files = (
				00E356F31AD99517003FC87E /* MobiliariaTests.m in Sources */,
			);
			runOnlyForDeploymentPostprocessing = 0;
		};
		13B07F871A680F5B00A75B9A /* Sources */ = {
			isa = PBXSourcesBuildPhase;
			buildActionMask = 2147483647;
			files = (
				13B07FBC1A68108700A75B9A /* AppDelegate.mm in Sources */,
				13B07FC11A68108700A75B9A /* main.m in Sources */,
			);
			runOnlyForDeploymentPostprocessing = 0;
		};
/* End PBXSourcesBuildPhase section */

/* Begin PBXTargetDependency section */
		00E356F51AD99517003FC87E /* PBXTargetDependency */ = {
			isa = PBXTargetDependency;
			target = 13B07F861A680F5B00A75B9A /* Mobiliaria */;
			targetProxy = 00E356F41AD99517003FC87E /* PBXContainerItemProxy */;
		};
/* End PBXTargetDependency section */

/* Begin XCBuildConfiguration section */
		00E356F61AD99517003FC87E /* Debug */ = {
			isa = XCBuildConfiguration;
			baseConfigurationReference = 5B7EB9410499542E8C5724F5 /* Pods-Mobiliaria-MobiliariaTests.debug.xcconfig */;
			buildSettings = {
				BUNDLE_LOADER = "$(TEST_HOST)";
				GCC_PREPROCESSOR_DEFINITIONS = (
					"DEBUG=1",
					"$(inherited)",
				);
				INFOPLIST_FILE = MobiliariaTests/Info.plist;
				IPHONEOS_DEPLOYMENT_TARGET = 12.4;
				LD_RUNPATH_SEARCH_PATHS = (
					"$(inherited)",
					"@executable_path/Frameworks",
					"@loader_path/Frameworks",
				);
				OTHER_LDFLAGS = (
					"-ObjC",
					"-lc++",
					"$(inherited)",
				);
				PRODUCT_BUNDLE_IDENTIFIER = "org.reactjs.native.example.$(PRODUCT_NAME:rfc1034identifier)";
				PRODUCT_NAME = "$(TARGET_NAME)";
				TEST_HOST = "$(BUILT_PRODUCTS_DIR)/Mobiliaria.app/Mobiliaria";
			};
			name = Debug;
		};
		00E356F71AD99517003FC87E /* Release */ = {
			isa = XCBuildConfiguration;
			baseConfigurationReference = 89C6BE57DB24E9ADA2F236DE /* Pods-Mobiliaria-MobiliariaTests.release.xcconfig */;
			buildSettings = {
				BUNDLE_LOADER = "$(TEST_HOST)";
				COPY_PHASE_STRIP = NO;
				INFOPLIST_FILE = MobiliariaTests/Info.plist;
				IPHONEOS_DEPLOYMENT_TARGET = 12.4;
				LD_RUNPATH_SEARCH_PATHS = (
					"$(inherited)",
					"@executable_path/Frameworks",
					"@loader_path/Frameworks",
				);
				OTHER_LDFLAGS = (
					"-ObjC",
					"-lc++",
					"$(inherited)",
				);
				PRODUCT_BUNDLE_IDENTIFIER = "org.reactjs.native.example.$(PRODUCT_NAME:rfc1034identifier)";
				PRODUCT_NAME = "$(TARGET_NAME)";
				TEST_HOST = "$(BUILT_PRODUCTS_DIR)/Mobiliaria.app/Mobiliaria";
			};
			name = Release;
		};
		13B07F941A680F5B00A75B9A /* Debug */ = {
			isa = XCBuildConfiguration;
			baseConfigurationReference = 3B4392A12AC88292D35C810B /* Pods-Mobiliaria.debug.xcconfig */;
			buildSettings = {
				ASSETCATALOG_COMPILER_APPICON_NAME = AppIcon;
				CLANG_ENABLE_MODULES = YES;
				CODE_SIGN_IDENTITY = "Apple Development";
				"CODE_SIGN_IDENTITY[sdk=iphoneos*]" = "iPhone Developer";
				CODE_SIGN_STYLE = Manual;
				CURRENT_PROJECT_VERSION = 10;
				DEVELOPMENT_TEAM = "";
				"DEVELOPMENT_TEAM[sdk=iphoneos*]" = 582K6827K7;
				ENABLE_BITCODE = NO;
				INFOPLIST_FILE = Mobiliaria/Info.plist;
				LD_RUNPATH_SEARCH_PATHS = (
					"$(inherited)",
					"@executable_path/Frameworks",
				);
				MARKETING_VERSION = 1.9;
				OTHER_LDFLAGS = (
					"$(inherited)",
					"-ObjC",
					"-lc++",
				);
				PRODUCT_BUNDLE_IDENTIFIER = com.eventivapp.jm.garcia;
				PRODUCT_NAME = Mobiliaria;
				PROVISIONING_PROFILE_SPECIFIER = "";
				"PROVISIONING_PROFILE_SPECIFIER[sdk=iphoneos*]" = developmJM;
				SWIFT_OPTIMIZATION_LEVEL = "-Onone";
				SWIFT_VERSION = 5.0;
				VERSIONING_SYSTEM = "apple-generic";
			};
			name = Debug;
		};
		13B07F951A680F5B00A75B9A /* Release */ = {
			isa = XCBuildConfiguration;
			baseConfigurationReference = 5709B34CF0A7D63546082F79 /* Pods-Mobiliaria.release.xcconfig */;
			buildSettings = {
				ASSETCATALOG_COMPILER_APPICON_NAME = AppIcon;
				CLANG_ENABLE_MODULES = YES;
				CODE_SIGN_IDENTITY = "Apple Development";
				"CODE_SIGN_IDENTITY[sdk=iphoneos*]" = "iPhone Developer";
				CODE_SIGN_STYLE = Manual;
				CURRENT_PROJECT_VERSION = 10;
				DEVELOPMENT_TEAM = "";
				"DEVELOPMENT_TEAM[sdk=iphoneos*]" = 582K6827K7;
				INFOPLIST_FILE = Mobiliaria/Info.plist;
				LD_RUNPATH_SEARCH_PATHS = (
					"$(inherited)",
					"@executable_path/Frameworks",
				);
				MARKETING_VERSION = 1.9;
				OTHER_LDFLAGS = (
					"$(inherited)",
					"-ObjC",
					"-lc++",
				);
				PRODUCT_BUNDLE_IDENTIFIER = com.eventivapp.jm.garcia;
				PRODUCT_NAME = Mobiliaria;
				PROVISIONING_PROFILE_SPECIFIER = "";
				"PROVISIONING_PROFILE_SPECIFIER[sdk=iphoneos*]" = developmJM;
				SWIFT_VERSION = 5.0;
				VERSIONING_SYSTEM = "apple-generic";
			};
			name = Release;
		};
		83CBBA201A601CBA00E9B192 /* Debug */ = {
			isa = XCBuildConfiguration;
			buildSettings = {
				ALWAYS_SEARCH_USER_PATHS = NO;
				CLANG_ANALYZER_LOCALIZABILITY_NONLOCALIZED = YES;
				CLANG_CXX_LANGUAGE_STANDARD = "c++17";
				CLANG_CXX_LIBRARY = "libc++";
				CLANG_ENABLE_MODULES = YES;
				CLANG_ENABLE_OBJC_ARC = YES;
				CLANG_WARN_BLOCK_CAPTURE_AUTORELEASING = YES;
				CLANG_WARN_BOOL_CONVERSION = YES;
				CLANG_WARN_COMMA = YES;
				CLANG_WARN_CONSTANT_CONVERSION = YES;
				CLANG_WARN_DEPRECATED_OBJC_IMPLEMENTATIONS = YES;
				CLANG_WARN_DIRECT_OBJC_ISA_USAGE = YES_ERROR;
				CLANG_WARN_EMPTY_BODY = YES;
				CLANG_WARN_ENUM_CONVERSION = YES;
				CLANG_WARN_INFINITE_RECURSION = YES;
				CLANG_WARN_INT_CONVERSION = YES;
				CLANG_WARN_NON_LITERAL_NULL_CONVERSION = YES;
				CLANG_WARN_OBJC_IMPLICIT_RETAIN_SELF = YES;
				CLANG_WARN_OBJC_LITERAL_CONVERSION = YES;
				CLANG_WARN_OBJC_ROOT_CLASS = YES_ERROR;
				CLANG_WARN_QUOTED_INCLUDE_IN_FRAMEWORK_HEADER = YES;
				CLANG_WARN_RANGE_LOOP_ANALYSIS = YES;
				CLANG_WARN_STRICT_PROTOTYPES = YES;
				CLANG_WARN_SUSPICIOUS_MOVE = YES;
				CLANG_WARN_UNREACHABLE_CODE = YES;
				CLANG_WARN__DUPLICATE_METHOD_MATCH = YES;
				"CODE_SIGN_IDENTITY[sdk=iphoneos*]" = "iPhone Developer";
				COPY_PHASE_STRIP = NO;
				ENABLE_STRICT_OBJC_MSGSEND = YES;
				ENABLE_TESTABILITY = YES;
				"EXCLUDED_ARCHS[sdk=iphonesimulator*]" = i386;
				GCC_C_LANGUAGE_STANDARD = gnu99;
				GCC_DYNAMIC_NO_PIC = NO;
				GCC_NO_COMMON_BLOCKS = YES;
				GCC_OPTIMIZATION_LEVEL = 0;
				GCC_PREPROCESSOR_DEFINITIONS = (
					"DEBUG=1",
					"$(inherited)",
					_LIBCPP_ENABLE_CXX17_REMOVED_UNARY_BINARY_FUNCTION,
				);
				GCC_SYMBOLS_PRIVATE_EXTERN = NO;
				GCC_WARN_64_TO_32_BIT_CONVERSION = YES;
				GCC_WARN_ABOUT_RETURN_TYPE = YES_ERROR;
				GCC_WARN_UNDECLARED_SELECTOR = YES;
				GCC_WARN_UNINITIALIZED_AUTOS = YES_AGGRESSIVE;
				GCC_WARN_UNUSED_FUNCTION = YES;
				GCC_WARN_UNUSED_VARIABLE = YES;
				IPHONEOS_DEPLOYMENT_TARGET = 12.4;
				LD_RUNPATH_SEARCH_PATHS = (
					/usr/lib/swift,
					"$(inherited)",
				);
				LIBRARY_SEARCH_PATHS = (
					"\"$(SDKROOT)/usr/lib/swift\"",
					"\"$(TOOLCHAIN_DIR)/usr/lib/swift/$(PLATFORM_NAME)\"",
					"\"$(inherited)\"",
				);
				MTL_ENABLE_DEBUG_INFO = YES;
				ONLY_ACTIVE_ARCH = YES;
				OTHER_CFLAGS = "$(inherited)";
				OTHER_CPLUSPLUSFLAGS = (
					"$(OTHER_CFLAGS)",
					"-DFOLLY_NO_CONFIG",
					"-DFOLLY_MOBILE=1",
					"-DFOLLY_USE_LIBCPP=1",
				);
				OTHER_LDFLAGS = (
					"$(inherited)",
					"-Wl",
					"-ld_classic",
					"-Wl -ld_classic ",
				);
				REACT_NATIVE_PATH = "${PODS_ROOT}/../../node_modules/react-native";
				SDKROOT = iphoneos;
			};
			name = Debug;
		};
		83CBBA211A601CBA00E9B192 /* Release */ = {
			isa = XCBuildConfiguration;
			buildSettings = {
				ALWAYS_SEARCH_USER_PATHS = NO;
				CLANG_ANALYZER_LOCALIZABILITY_NONLOCALIZED = YES;
				CLANG_CXX_LANGUAGE_STANDARD = "c++17";
				CLANG_CXX_LIBRARY = "libc++";
				CLANG_ENABLE_MODULES = YES;
				CLANG_ENABLE_OBJC_ARC = YES;
				CLANG_WARN_BLOCK_CAPTURE_AUTORELEASING = YES;
				CLANG_WARN_BOOL_CONVERSION = YES;
				CLANG_WARN_COMMA = YES;
				CLANG_WARN_CONSTANT_CONVERSION = YES;
				CLANG_WARN_DEPRECATED_OBJC_IMPLEMENTATIONS = YES;
				CLANG_WARN_DIRECT_OBJC_ISA_USAGE = YES_ERROR;
				CLANG_WARN_EMPTY_BODY = YES;
				CLANG_WARN_ENUM_CONVERSION = YES;
				CLANG_WARN_INFINITE_RECURSION = YES;
				CLANG_WARN_INT_CONVERSION = YES;
				CLANG_WARN_NON_LITERAL_NULL_CONVERSION = YES;
				CLANG_WARN_OBJC_IMPLICIT_RETAIN_SELF = YES;
				CLANG_WARN_OBJC_LITERAL_CONVERSION = YES;
				CLANG_WARN_OBJC_ROOT_CLASS = YES_ERROR;
				CLANG_WARN_QUOTED_INCLUDE_IN_FRAMEWORK_HEADER = YES;
				CLANG_WARN_RANGE_LOOP_ANALYSIS = YES;
				CLANG_WARN_STRICT_PROTOTYPES = YES;
				CLANG_WARN_SUSPICIOUS_MOVE = YES;
				CLANG_WARN_UNREACHABLE_CODE = YES;
				CLANG_WARN__DUPLICATE_METHOD_MATCH = YES;
				"CODE_SIGN_IDENTITY[sdk=iphoneos*]" = "iPhone Developer";
				COPY_PHASE_STRIP = YES;
				ENABLE_NS_ASSERTIONS = NO;
				ENABLE_STRICT_OBJC_MSGSEND = YES;
				"EXCLUDED_ARCHS[sdk=iphonesimulator*]" = i386;
				GCC_C_LANGUAGE_STANDARD = gnu99;
				GCC_NO_COMMON_BLOCKS = YES;
				GCC_PREPROCESSOR_DEFINITIONS = (
					"$(inherited)",
					_LIBCPP_ENABLE_CXX17_REMOVED_UNARY_BINARY_FUNCTION,
				);
				GCC_WARN_64_TO_32_BIT_CONVERSION = YES;
				GCC_WARN_ABOUT_RETURN_TYPE = YES_ERROR;
				GCC_WARN_UNDECLARED_SELECTOR = YES;
				GCC_WARN_UNINITIALIZED_AUTOS = YES_AGGRESSIVE;
				GCC_WARN_UNUSED_FUNCTION = YES;
				GCC_WARN_UNUSED_VARIABLE = YES;
				IPHONEOS_DEPLOYMENT_TARGET = 12.4;
				LD_RUNPATH_SEARCH_PATHS = (
					/usr/lib/swift,
					"$(inherited)",
				);
				LIBRARY_SEARCH_PATHS = (
					"\"$(SDKROOT)/usr/lib/swift\"",
					"\"$(TOOLCHAIN_DIR)/usr/lib/swift/$(PLATFORM_NAME)\"",
					"\"$(inherited)\"",
				);
				MTL_ENABLE_DEBUG_INFO = NO;
				OTHER_CFLAGS = "$(inherited)";
				OTHER_CPLUSPLUSFLAGS = (
					"$(OTHER_CFLAGS)",
					"-DFOLLY_NO_CONFIG",
					"-DFOLLY_MOBILE=1",
					"-DFOLLY_USE_LIBCPP=1",
				);
				OTHER_LDFLAGS = (
					"$(inherited)",
					"-Wl",
					"-ld_classic",
					"-Wl -ld_classic ",
				);
				REACT_NATIVE_PATH = "${PODS_ROOT}/../../node_modules/react-native";
				SDKROOT = iphoneos;
				VALIDATE_PRODUCT = YES;
			};
			name = Release;
		};
/* End XCBuildConfiguration section */

/* Begin XCConfigurationList section */
		00E357021AD99517003FC87E /* Build configuration list for PBXNativeTarget "MobiliariaTests" */ = {
			isa = XCConfigurationList;
			buildConfigurations = (
				00E356F61AD99517003FC87E /* Debug */,
				00E356F71AD99517003FC87E /* Release */,
			);
			defaultConfigurationIsVisible = 0;
			defaultConfigurationName = Release;
		};
		13B07F931A680F5B00A75B9A /* Build configuration list for PBXNativeTarget "Mobiliaria" */ = {
			isa = XCConfigurationList;
			buildConfigurations = (
				13B07F941A680F5B00A75B9A /* Debug */,
				13B07F951A680F5B00A75B9A /* Release */,
			);
			defaultConfigurationIsVisible = 0;
			defaultConfigurationName = Release;
		};
		83CBB9FA1A601CBA00E9B192 /* Build configuration list for PBXProject "Mobiliaria" */ = {
			isa = XCConfigurationList;
			buildConfigurations = (
				83CBBA201A601CBA00E9B192 /* Debug */,
				83CBBA211A601CBA00E9B192 /* Release */,
			);
			defaultConfigurationIsVisible = 0;
			defaultConfigurationName = Release;
		};
/* End XCConfigurationList section */
	};
	rootObject = 83CBB9F71A601CBA00E9B192 /* Project object */;
}
